
Microsoft Visual Studio Solution File, Format Version 12.00
# Visual Studio Version 16
VisualStudioVersion = 16.0.30320.27
MinimumVisualStudioVersion = 10.0.40219.1
Project("{9A19103F-16F7-4668-BE54-9A1E7A4F7556}") = "EntityFrameworkcoreCodeFirstApproach", "EntityFrameworkcoreCodeFirstApproach.csproj", "{429F62A4-29D1-4B9E-AB92-BCC1302EC2CB}"
EndProject
Global
	GlobalSection(SolutionConfigurationPlatforms) = preSolution
		Debug|Any CPU = Debug|Any CPU
		Release|Any CPU = Release|Any CPU
	EndGlobalSection
	GlobalSection(ProjectConfigurationPlatforms) = postSolution
		{429F62A4-29D1-4B9E-AB92-BCC1302EC2CB}.Debug|Any CPU.ActiveCfg = Debug|Any CPU
		{429F62A4-29D1-4B9E-AB92-BCC1302EC2CB}.Debug|Any CPU.Build.0 = Debug|Any CPU
		{429F62A4-29D1-4B9E-AB92-BCC1302EC2CB}.Release|Any CPU.ActiveCfg = Release|Any CPU
		{429F62A4-29D1-4B9E-AB92-BCC1302EC2CB}.Release|Any CPU.Build.0 = Release|Any CPU
	EndGlobalSection
	GlobalSection(SolutionProperties) = preSolution
		HideSolutionNode = FALSE
	EndGlobalSection
	GlobalSection(ExtensibilityGlobals) = postSolution
		SolutionGuid = {187AB538-549A-4985-BD26-63E31401FB72}
	EndGlobalSection
EndGlobal
